Microsoft Visual Studio Solution File, Format Version 12.00
# Visual Studio Version 17
VisualStudioVersion = 17.5.2.0
MinimumVisualStudioVersion = 10.0.40219.1
Project("{2150E333-8FDC-42A3-9474-1A3956D46DE8}") = "native-host", "native-host", "{9085DBEB-54AC-D291-9A27-AF3C57C5965F}"
EndProject
Project("{FAE04EC0-301F-11D3-BF4B-00C04F79EFBC}") = "CloudPiOvt.NativeHost", "native-host\CloudPiOvt.NativeHost\CloudPiOvt.NativeHost.csproj", "{B5C992A0-481F-3B57-EA15-DEA8DA843354}"
EndProject
Global
	GlobalSection(SolutionConfigurationPlatforms) = preSolution
		Debug|Any CPU = Debug|Any CPU
		Release|Any CPU = Release|Any CPU
	EndGlobalSection
	GlobalSection(ProjectConfigurationPlatforms) = postSolution
		{B5C992A0-481F-3B57-EA15-DEA8DA843354}.Debug|Any CPU.ActiveCfg = Debug|Any CPU
		{B5C992A0-481F-3B57-EA15-DEA8DA843354}.Debug|Any CPU.Build.0 = Debug|Any CPU
		{B5C992A0-481F-3B57-EA15-DEA8DA843354}.Release|Any CPU.ActiveCfg = Release|Any CPU
		{B5C992A0-481F-3B57-EA15-DEA8DA843354}.Release|Any CPU.Build.0 = Release|Any CPU
	EndGlobalSection
	GlobalSection(SolutionProperties) = preSolution
		HideSolutionNode = FALSE
	EndGlobalSection
	GlobalSection(NestedProjects) = preSolution
		{B5C992A0-481F-3B57-EA15-DEA8DA843354} = {9085DBEB-54AC-D291-9A27-AF3C57C5965F}
	EndGlobalSection
	GlobalSection(ExtensibilityGlobals) = postSolution
		SolutionGuid = {0E23C3DF-0F68-47BB-B005-1C0D4A014724}
	EndGlobalSection
EndGlobal
